
Microsoft Visual Studio Solution File, Format Version 12.00
# Visual Studio Version 16
VisualStudioVersion = 16.0.29709.97
MinimumVisualStudioVersion = 10.0.40219.1
Project("{8BC9CEB8-8B4A-11D0-8D11-00A0C91BC942}") = "homework2", "homework2\homework2.vcxproj", "{562BA58D-938C-4DB3-975F-54886297D058}"
EndProject
Global
	GlobalSection(SolutionConfigurationPlatforms) = preSolution
		Debug|x64 = Debug|x64
		Debug|x86 = Debug|x86
		Release|x64 = Release|x64
		Release|x86 = Release|x86
	EndGlobalSection
	GlobalSection(ProjectConfigurationPlatforms) = postSolution
		{562BA58D-938C-4DB3-975F-54886297D058}.Debug|x64.ActiveCfg = Debug|x64
		{562BA58D-938C-4DB3-975F-54886297D058}.Debug|x64.Build.0 = Debug|x64
		{562BA58D-938C-4DB3-975F-54886297D058}.Debug|x86.ActiveCfg = Debug|Win32
		{562BA58D-938C-4DB3-975F-54886297D058}.Debug|x86.Build.0 = Debug|Win32
		{562BA58D-938C-4DB3-975F-54886297D058}.Release|x64.ActiveCfg = Release|x64
		{562BA58D-938C-4DB3-975F-54886297D058}.Release|x64.Build.0 = Release|x64
		{562BA58D-938C-4DB3-975F-54886297D058}.Release|x86.ActiveCfg = Release|Win32
		{562BA58D-938C-4DB3-975F-54886297D058}.Release|x86.Build.0 = Release|Win32
	EndGlobalSection
	GlobalSection(SolutionProperties) = preSolution
		HideSolutionNode = FALSE
	EndGlobalSection
	GlobalSection(ExtensibilityGlobals) = postSolution
		SolutionGuid = {39837203-76B4-4D7E-AA97-79DC9AAF2540}
	EndGlobalSection
EndGlobal
